// !$*UTF8*$!
{
	archiveVersion = 1;
	classes = {
	};
	objectVersion = 48;
	objects = {

/* Begin PBXBuildFile section */
		2112D30D205F70A200288FD9 /* AppDelegate.swift in Sources */ = {isa = PBXBuildFile; fileRef = 2112D30C205F70A200288FD9 /* AppDelegate.swift */; };
		2112D314205F70A200288FD9 /* Assets.xcassets in Resources */ = {isa = PBXBuildFile; fileRef = 2112D313205F70A200288FD9 /* Assets.xcassets */; };
		2112D317205F70A200288FD9 /* LaunchScreen.storyboard in Resources */ = {isa = PBXBuildFile; fileRef = 2112D315205F70A200288FD9 /* LaunchScreen.storyboard */; };
		21281249206B5C18003BB865 /* TravelBookListViewController.swift in Sources */ = {isa = PBXBuildFile; fileRef = 21281241206B5C18003BB865 /* TravelBookListViewController.swift */; };
		57FCEA747F3880EC73ABAEAA /* Pods_TravelBooks.framework in Frameworks */ = {isa = PBXBuildFile; fileRef = 07DA68DF17BDCCDC08898FBD /* Pods_TravelBooks.framework */; };
		5D64C24591A87E1FC97C5A5D /* Pods_TravelBooksUITests.framework in Frameworks */ = {isa = PBXBuildFile; fileRef = 57626D01B019415982C65715 /* Pods_TravelBooksUITests.framework */; };
		B0F4A0622043A18054118295 /* Pods_TravelBooksTests.framework in Frameworks */ = {isa = PBXBuildFile; fileRef = E0977C0903D95D29792E955F /* Pods_TravelBooksTests.framework */; };
		F127057022032C60002C27D7 /* BaseViewController.swift in Sources */ = {isa = PBXBuildFile; fileRef = F127056F22032C60002C27D7 /* BaseViewController.swift */; };
		F127057A2204059B002C27D7 /* Montserrat-Black.otf in Resources */ = {isa = PBXBuildFile; fileRef = F127057922040512002C27D7 /* Montserrat-Black.otf */; };
		F127057B2204059B002C27D7 /* Montserrat-Bold.ttf in Resources */ = {isa = PBXBuildFile; fileRef = F127057422040512002C27D7 /* Montserrat-Bold.ttf */; };
		F127057C2204059B002C27D7 /* Montserrat-ExtraBold.otf in Resources */ = {isa = PBXBuildFile; fileRef = F127057322040512002C27D7 /* Montserrat-ExtraBold.otf */; };
		F127057D2204059B002C27D7 /* Montserrat-Hairline.otf in Resources */ = {isa = PBXBuildFile; fileRef = F127057722040512002C27D7 /* Montserrat-Hairline.otf */; };
		F127057E2204059B002C27D7 /* Montserrat-Light.otf in Resources */ = {isa = PBXBuildFile; fileRef = F127057622040512002C27D7 /* Montserrat-Light.otf */; };
		F127057F2204059B002C27D7 /* Montserrat-Regular.ttf in Resources */ = {isa = PBXBuildFile; fileRef = F127057222040512002C27D7 /* Montserrat-Regular.ttf */; };
		F12705802204059B002C27D7 /* Montserrat-SemiBold.otf in Resources */ = {isa = PBXBuildFile; fileRef = F127057822040512002C27D7 /* Montserrat-SemiBold.otf */; };
		F12705812204059B002C27D7 /* Montserrat-UltraLight.otf in Resources */ = {isa = PBXBuildFile; fileRef = F127057522040512002C27D7 /* Montserrat-UltraLight.otf */; };
		F12705832204184C002C27D7 /* Constant.swift in Sources */ = {isa = PBXBuildFile; fileRef = F12705822204184C002C27D7 /* Constant.swift */; };
		F1270586220419F1002C27D7 /* TravelBook.storyboard in Resources */ = {isa = PBXBuildFile; fileRef = F1270585220419F1002C27D7 /* TravelBook.storyboard */; };
		F127058922041A30002C27D7 /* ViewUtility.swift in Sources */ = {isa = PBXBuildFile; fileRef = F127058822041A30002C27D7 /* ViewUtility.swift */; };
		F127058B22041D1F002C27D7 /* UIFont+Extension.swift in Sources */ = {isa = PBXBuildFile; fileRef = F127058A22041D1F002C27D7 /* UIFont+Extension.swift */; };
		F127058D22042DB2002C27D7 /* UIColor+Extension.swift in Sources */ = {isa = PBXBuildFile; fileRef = F127058C22042DB2002C27D7 /* UIColor+Extension.swift */; };
/* End PBXBuildFile section */

/* Begin PBXContainerItemProxy section */
		2112D31E205F70A200288FD9 /* PBXContainerItemProxy */ = {
			isa = PBXContainerItemProxy;
			containerPortal = 2112D301205F70A200288FD9 /* Project object */;
			proxyType = 1;
			remoteGlobalIDString = 2112D308205F70A200288FD9;
			remoteInfo = "__PROJECT NAME__";
		};
		2112D329205F70A200288FD9 /* PBXContainerItemProxy */ = {
			isa = PBXContainerItemProxy;
			containerPortal = 2112D301205F70A200288FD9 /* Project object */;
			proxyType = 1;
			remoteGlobalIDString = 2112D308205F70A200288FD9;
			remoteInfo = "__PROJECT NAME__";
		};
/* End PBXContainerItemProxy section */

/* Begin PBXFileReference section */
		07DA68DF17BDCCDC08898FBD /* Pods_TravelBooks.framework */ = {isa = PBXFileReference; explicitFileType = wrapper.framework; includeInIndex = 0; path = Pods_TravelBooks.framework; sourceTree = BUILT_PRODUCTS_DIR; };
		13EF25F56A540BE99A88D95F /* Pods-TravelBooksTests.release.xcconfig */ = {isa = PBXFileReference; includeInIndex = 1; lastKnownFileType = text.xcconfig; name = "Pods-TravelBooksTests.release.xcconfig"; path = "Pods/Target Support Files/Pods-TravelBooksTests/Pods-TravelBooksTests.release.xcconfig"; sourceTree = "<group>"; };
		2112D309205F70A200288FD9 /* TravelBooks Debug.app */ = {isa = PBXFileReference; explicitFileType = wrapper.application; includeInIndex = 0; path = "TravelBooks Debug.app"; sourceTree = BUILT_PRODUCTS_DIR; };
		2112D30C205F70A200288FD9 /* AppDelegate.swift */ = {isa = PBXFileReference; lastKnownFileType = sourcecode.swift; path = AppDelegate.swift; sourceTree = "<group>"; };
		2112D313205F70A200288FD9 /* Assets.xcassets */ = {isa = PBXFileReference; lastKnownFileType = folder.assetcatalog; path = Assets.xcassets; sourceTree = "<group>"; };
		2112D316205F70A200288FD9 /* Base */ = {isa = PBXFileReference; lastKnownFileType = file.storyboard; name = Base; path = Base.lproj/LaunchScreen.storyboard; sourceTree = "<group>"; };
		2112D318205F70A200288FD9 /* Info.plist */ = {isa = PBXFileReference; lastKnownFileType = text.plist.xml; path = Info.plist; sourceTree = "<group>"; };
		2112D31D205F70A200288FD9 /* TravelBooksTests.xctest */ = {isa = PBXFileReference; explicitFileType = wrapper.cfbundle; includeInIndex = 0; path = TravelBooksTests.xctest; sourceTree = BUILT_PRODUCTS_DIR; };
		2112D323205F70A200288FD9 /* Info.plist */ = {isa = PBXFileReference; lastKnownFileType = text.plist.xml; path = Info.plist; sourceTree = "<group>"; };
		2112D328205F70A200288FD9 /* TravelBooksUITests.xctest */ = {isa = PBXFileReference; explicitFileType = wrapper.cfbundle; includeInIndex = 0; path = TravelBooksUITests.xctest; sourceTree = BUILT_PRODUCTS_DIR; };
		2112D32E205F70A200288FD9 /* Info.plist */ = {isa = PBXFileReference; lastKnownFileType = text.plist.xml; path = Info.plist; sourceTree = "<group>"; };
		21281241206B5C18003BB865 /* TravelBookListViewController.swift */ = {isa = PBXFileReference; fileEncoding = 4; lastKnownFileType = sourcecode.swift; path = TravelBookListViewController.swift; sourceTree = "<group>"; };
		2FE231BA4382B1089D72BE02 /* Pods-TravelBooksUITests.release.xcconfig */ = {isa = PBXFileReference; includeInIndex = 1; lastKnownFileType = text.xcconfig; name = "Pods-TravelBooksUITests.release.xcconfig"; path = "Pods/Target Support Files/Pods-TravelBooksUITests/Pods-TravelBooksUITests.release.xcconfig"; sourceTree = "<group>"; };
		57626D01B019415982C65715 /* Pods_TravelBooksUITests.framework */ = {isa = PBXFileReference; explicitFileType = wrapper.framework; includeInIndex = 0; path = Pods_TravelBooksUITests.framework; sourceTree = BUILT_PRODUCTS_DIR; };
		5F9F34ECB5BD947B7AF3571B /* Pods-TravelBooksUITests.staging.xcconfig */ = {isa = PBXFileReference; includeInIndex = 1; lastKnownFileType = text.xcconfig; name = "Pods-TravelBooksUITests.staging.xcconfig"; path = "Pods/Target Support Files/Pods-TravelBooksUITests/Pods-TravelBooksUITests.staging.xcconfig"; sourceTree = "<group>"; };
		7608871134764C0E4D73A1F3 /* Pods-TravelBooksTests.debug.xcconfig */ = {isa = PBXFileReference; includeInIndex = 1; lastKnownFileType = text.xcconfig; name = "Pods-TravelBooksTests.debug.xcconfig"; path = "Pods/Target Support Files/Pods-TravelBooksTests/Pods-TravelBooksTests.debug.xcconfig"; sourceTree = "<group>"; };
		805440F8A5FA5E018520B2D7 /* Pods-TravelBooks.debug.xcconfig */ = {isa = PBXFileReference; includeInIndex = 1; lastKnownFileType = text.xcconfig; name = "Pods-TravelBooks.debug.xcconfig"; path = "Pods/Target Support Files/Pods-TravelBooks/Pods-TravelBooks.debug.xcconfig"; sourceTree = "<group>"; };
		8F7A8F53B414A4303898AC86 /* Pods-TravelBooks.release.xcconfig */ = {isa = PBXFileReference; includeInIndex = 1; lastKnownFileType = text.xcconfig; name = "Pods-TravelBooks.release.xcconfig"; path = "Pods/Target Support Files/Pods-TravelBooks/Pods-TravelBooks.release.xcconfig"; sourceTree = "<group>"; };
		A80811CFA9BCCACBBDF73E92 /* Pods-TravelBooks.staging.xcconfig */ = {isa = PBXFileReference; includeInIndex = 1; lastKnownFileType = text.xcconfig; name = "Pods-TravelBooks.staging.xcconfig"; path = "Pods/Target Support Files/Pods-TravelBooks/Pods-TravelBooks.staging.xcconfig"; sourceTree = "<group>"; };
		D185E215765F51F1A2DF7DFB /* Pods-TravelBooksTests.staging.xcconfig */ = {isa = PBXFileReference; includeInIndex = 1; lastKnownFileType = text.xcconfig; name = "Pods-TravelBooksTests.staging.xcconfig"; path = "Pods/Target Support Files/Pods-TravelBooksTests/Pods-TravelBooksTests.staging.xcconfig"; sourceTree = "<group>"; };
		E0977C0903D95D29792E955F /* Pods_TravelBooksTests.framework */ = {isa = PBXFileReference; explicitFileType = wrapper.framework; includeInIndex = 0; path = Pods_TravelBooksTests.framework; sourceTree = BUILT_PRODUCTS_DIR; };
		E881D71339B9D8191BFCBA25 /* Pods-TravelBooksUITests.debug.xcconfig */ = {isa = PBXFileReference; includeInIndex = 1; lastKnownFileType = text.xcconfig; name = "Pods-TravelBooksUITests.debug.xcconfig"; path = "Pods/Target Support Files/Pods-TravelBooksUITests/Pods-TravelBooksUITests.debug.xcconfig"; sourceTree = "<group>"; };
		F127056F22032C60002C27D7 /* BaseViewController.swift */ = {isa = PBXFileReference; lastKnownFileType = sourcecode.swift; path = BaseViewController.swift; sourceTree = "<group>"; };
		F127057222040512002C27D7 /* Montserrat-Regular.ttf */ = {isa = PBXFileReference; lastKnownFileType = file; path = "Montserrat-Regular.ttf"; sourceTree = "<group>"; };
		F127057322040512002C27D7 /* Montserrat-ExtraBold.otf */ = {isa = PBXFileReference; lastKnownFileType = file; path = "Montserrat-ExtraBold.otf"; sourceTree = "<group>"; };
		F127057422040512002C27D7 /* Montserrat-Bold.ttf */ = {isa = PBXFileReference; lastKnownFileType = file; path = "Montserrat-Bold.ttf"; sourceTree = "<group>"; };
		F127057522040512002C27D7 /* Montserrat-UltraLight.otf */ = {isa = PBXFileReference; lastKnownFileType = file; path = "Montserrat-UltraLight.otf"; sourceTree = "<group>"; };
		F127057622040512002C27D7 /* Montserrat-Light.otf */ = {isa = PBXFileReference; lastKnownFileType = file; path = "Montserrat-Light.otf"; sourceTree = "<group>"; };
		F127057722040512002C27D7 /* Montserrat-Hairline.otf */ = {isa = PBXFileReference; lastKnownFileType = file; path = "Montserrat-Hairline.otf"; sourceTree = "<group>"; };
		F127057822040512002C27D7 /* Montserrat-SemiBold.otf */ = {isa = PBXFileReference; lastKnownFileType = file; path = "Montserrat-SemiBold.otf"; sourceTree = "<group>"; };
		F127057922040512002C27D7 /* Montserrat-Black.otf */ = {isa = PBXFileReference; lastKnownFileType = file; path = "Montserrat-Black.otf"; sourceTree = "<group>"; };
		F12705822204184C002C27D7 /* Constant.swift */ = {isa = PBXFileReference; lastKnownFileType = sourcecode.swift; path = Constant.swift; sourceTree = "<group>"; };
		F1270585220419F1002C27D7 /* TravelBook.storyboard */ = {isa = PBXFileReference; lastKnownFileType = file.storyboard; path = TravelBook.storyboard; sourceTree = "<group>"; };
		F127058822041A30002C27D7 /* ViewUtility.swift */ = {isa = PBXFileReference; lastKnownFileType = sourcecode.swift; path = ViewUtility.swift; sourceTree = "<group>"; };
		F127058A22041D1F002C27D7 /* UIFont+Extension.swift */ = {isa = PBXFileReference; lastKnownFileType = sourcecode.swift; path = "UIFont+Extension.swift"; sourceTree = "<group>"; };
		F127058C22042DB2002C27D7 /* UIColor+Extension.swift */ = {isa = PBXFileReference; lastKnownFileType = sourcecode.swift; path = "UIColor+Extension.swift"; sourceTree = "<group>"; };
/* End PBXFileReference section */

/* Begin PBXFrameworksBuildPhase section */
		2112D306205F70A200288FD9 /* Frameworks */ = {
			isa = PBXFrameworksBuildPhase;
			buildActionMask = 2147483647;
			files = (
				57FCEA747F3880EC73ABAEAA /* Pods_TravelBooks.framework in Frameworks */,
			);
			runOnlyForDeploymentPostprocessing = 0;
		};
		2112D31A205F70A200288FD9 /* Frameworks */ = {
			isa = PBXFrameworksBuildPhase;
			buildActionMask = 2147483647;
			files = (
				B0F4A0622043A18054118295 /* Pods_TravelBooksTests.framework in Frameworks */,
			);
			runOnlyForDeploymentPostprocessing = 0;
		};
		2112D325205F70A200288FD9 /* Frameworks */ = {
			isa = PBXFrameworksBuildPhase;
			buildActionMask = 2147483647;
			files = (
				5D64C24591A87E1FC97C5A5D /* Pods_TravelBooksUITests.framework in Frameworks */,
			);
			runOnlyForDeploymentPostprocessing = 0;
		};
/* End PBXFrameworksBuildPhase section */

/* Begin PBXGroup section */
		2112D300205F70A200288FD9 = {
			isa = PBXGroup;
			children = (
				2112D30B205F70A200288FD9 /* TravelBooks */,
				2112D320205F70A200288FD9 /* TravelBooksTests */,
				2112D32B205F70A200288FD9 /* TravelBooksUITests */,
				2112D30A205F70A200288FD9 /* Products */,
				6605BF2321D120F2AB50D7C9 /* Pods */,
				8C2814B83A5D19D3D3FBE6F1 /* Frameworks */,
			);
			sourceTree = "<group>";
		};
		2112D30A205F70A200288FD9 /* Products */ = {
			isa = PBXGroup;
			children = (
				2112D309205F70A200288FD9 /* TravelBooks Debug.app */,
				2112D31D205F70A200288FD9 /* TravelBooksTests.xctest */,
				2112D328205F70A200288FD9 /* TravelBooksUITests.xctest */,
			);
			name = Products;
			sourceTree = "<group>";
		};
		2112D30B205F70A200288FD9 /* TravelBooks */ = {
			isa = PBXGroup;
			children = (
				2112D346205F720E00288FD9 /* Application */,
				21281240206B5C18003BB865 /* Controllers */,
				2128123C206B5C18003BB865 /* Extensions */,
				2128123E206B5C18003BB865 /* Models */,
				21281242206B5C18003BB865 /* Protocols */,
				21281244206B5C18003BB865 /* Services */,
				2128123A206B5C18003BB865 /* Views */,
			);
			path = TravelBooks;
			sourceTree = "<group>";
		};
		2112D320205F70A200288FD9 /* TravelBooksTests */ = {
			isa = PBXGroup;
			children = (
				2112D323205F70A200288FD9 /* Info.plist */,
			);
			path = TravelBooksTests;
			sourceTree = "<group>";
		};
		2112D32B205F70A200288FD9 /* TravelBooksUITests */ = {
			isa = PBXGroup;
			children = (
				2112D32E205F70A200288FD9 /* Info.plist */,
			);
			path = TravelBooksUITests;
			sourceTree = "<group>";
		};
		2112D346205F720E00288FD9 /* Application */ = {
			isa = PBXGroup;
			children = (
				F127058722041A18002C27D7 /* Utility */,
				2112D349205F721D00288FD9 /* Constants */,
				2112D348205F721800288FD9 /* Resources */,
				2112D347205F721400288FD9 /* Infos */,
				2112D30C205F70A200288FD9 /* AppDelegate.swift */,
				2112D315205F70A200288FD9 /* LaunchScreen.storyboard */,
			);
			path = Application;
			sourceTree = "<group>";
		};
		2112D347205F721400288FD9 /* Infos */ = {
			isa = PBXGroup;
			children = (
				2112D318205F70A200288FD9 /* Info.plist */,
			);
			path = Infos;
			sourceTree = "<group>";
		};
		2112D348205F721800288FD9 /* Resources */ = {
			isa = PBXGroup;
			children = (
				F127057122040503002C27D7 /* Fonts */,
				2112D313205F70A200288FD9 /* Assets.xcassets */,
			);
			path = Resources;
			sourceTree = "<group>";
		};
		2112D349205F721D00288FD9 /* Constants */ = {
			isa = PBXGroup;
			children = (
				F12705822204184C002C27D7 /* Constant.swift */,
			);
			path = Constants;
			sourceTree = "<group>";
		};
		2128123A206B5C18003BB865 /* Views */ = {
			isa = PBXGroup;
			children = (
			);
			path = Views;
			sourceTree = "<group>";
		};
		2128123C206B5C18003BB865 /* Extensions */ = {
			isa = PBXGroup;
			children = (
				F127058A22041D1F002C27D7 /* UIFont+Extension.swift */,
				F127058C22042DB2002C27D7 /* UIColor+Extension.swift */,
			);
			path = Extensions;
			sourceTree = "<group>";
		};
		2128123E206B5C18003BB865 /* Models */ = {
			isa = PBXGroup;
			children = (
			);
			path = Models;
			sourceTree = "<group>";
		};
		21281240206B5C18003BB865 /* Controllers */ = {
			isa = PBXGroup;
			children = (
				F1270584220419D7002C27D7 /* StoryBoard */,
				21281241206B5C18003BB865 /* TravelBookListViewController.swift */,
				F127056F22032C60002C27D7 /* BaseViewController.swift */,
			);
			path = Controllers;
			sourceTree = "<group>";
		};
		21281242206B5C18003BB865 /* Protocols */ = {
			isa = PBXGroup;
			children = (
			);
			path = Protocols;
			sourceTree = "<group>";
		};
		21281244206B5C18003BB865 /* Services */ = {
			isa = PBXGroup;
			children = (
			);
			path = Services;
			sourceTree = "<group>";
		};
		6605BF2321D120F2AB50D7C9 /* Pods */ = {
			isa = PBXGroup;
			children = (
				805440F8A5FA5E018520B2D7 /* Pods-TravelBooks.debug.xcconfig */,
				8F7A8F53B414A4303898AC86 /* Pods-TravelBooks.release.xcconfig */,
				A80811CFA9BCCACBBDF73E92 /* Pods-TravelBooks.staging.xcconfig */,
				7608871134764C0E4D73A1F3 /* Pods-TravelBooksTests.debug.xcconfig */,
				13EF25F56A540BE99A88D95F /* Pods-TravelBooksTests.release.xcconfig */,
				D185E215765F51F1A2DF7DFB /* Pods-TravelBooksTests.staging.xcconfig */,
				E881D71339B9D8191BFCBA25 /* Pods-TravelBooksUITests.debug.xcconfig */,
				2FE231BA4382B1089D72BE02 /* Pods-TravelBooksUITests.release.xcconfig */,
				5F9F34ECB5BD947B7AF3571B /* Pods-TravelBooksUITests.staging.xcconfig */,
			);
			name = Pods;
			sourceTree = "<group>";
		};
		8C2814B83A5D19D3D3FBE6F1 /* Frameworks */ = {
			isa = PBXGroup;
			children = (
				07DA68DF17BDCCDC08898FBD /* Pods_TravelBooks.framework */,
				E0977C0903D95D29792E955F /* Pods_TravelBooksTests.framework */,
				57626D01B019415982C65715 /* Pods_TravelBooksUITests.framework */,
			);
			name = Frameworks;
			sourceTree = "<group>";
		};
		F127057122040503002C27D7 /* Fonts */ = {
			isa = PBXGroup;
			children = (
				F127057922040512002C27D7 /* Montserrat-Black.otf */,
				F127057422040512002C27D7 /* Montserrat-Bold.ttf */,
				F127057322040512002C27D7 /* Montserrat-ExtraBold.otf */,
				F127057722040512002C27D7 /* Montserrat-Hairline.otf */,
				F127057622040512002C27D7 /* Montserrat-Light.otf */,
				F127057222040512002C27D7 /* Montserrat-Regular.ttf */,
				F127057822040512002C27D7 /* Montserrat-SemiBold.otf */,
				F127057522040512002C27D7 /* Montserrat-UltraLight.otf */,
			);
			path = Fonts;
			sourceTree = "<group>";
		};
		F1270584220419D7002C27D7 /* StoryBoard */ = {
			isa = PBXGroup;
			children = (
				F1270585220419F1002C27D7 /* TravelBook.storyboard */,
			);
			path = StoryBoard;
			sourceTree = "<group>";
		};
		F127058722041A18002C27D7 /* Utility */ = {
			isa = PBXGroup;
			children = (
				F127058822041A30002C27D7 /* ViewUtility.swift */,
			);
			path = Utility;
			sourceTree = "<group>";
		};
/* End PBXGroup section */

/* Begin PBXNativeTarget section */
		2112D308205F70A200288FD9 /* TravelBooks */ = {
			isa = PBXNativeTarget;
			buildConfigurationList = 2112D331205F70A200288FD9 /* Build configuration list for PBXNativeTarget "TravelBooks" */;
			buildPhases = (
				7931AD6088957774EE30D8DB /* [CP] Check Pods Manifest.lock */,
				2112D305205F70A200288FD9 /* Sources */,
				2112D306205F70A200288FD9 /* Frameworks */,
				2112D307205F70A200288FD9 /* Resources */,
				215BF30B206CAFBA00ADDB06 /* SwiftLint */,
				DAD1EAE0605F233343A32C39 /* [CP] Embed Pods Frameworks */,
			);
			buildRules = (
			);
			dependencies = (
			);
			name = TravelBooks;
			productName = "__PROJECT NAME__";
			productReference = 2112D309205F70A200288FD9 /* TravelBooks Debug.app */;
			productType = "com.apple.product-type.application";
		};
		2112D31C205F70A200288FD9 /* TravelBooksTests */ = {
			isa = PBXNativeTarget;
			buildConfigurationList = 2112D334205F70A200288FD9 /* Build configuration list for PBXNativeTarget "TravelBooksTests" */;
			buildPhases = (
				60AA38E1D1AEE674566664CC /* [CP] Check Pods Manifest.lock */,
				2112D319205F70A200288FD9 /* Sources */,
				2112D31A205F70A200288FD9 /* Frameworks */,
				2112D31B205F70A200288FD9 /* Resources */,
				C7F8AE0553642443BE7FD6BF /* [CP] Embed Pods Frameworks */,
			);
			buildRules = (
			);
			dependencies = (
				2112D31F205F70A200288FD9 /* PBXTargetDependency */,
			);
			name = TravelBooksTests;
			productName = "__PROJECT NAME__Tests";
			productReference = 2112D31D205F70A200288FD9 /* TravelBooksTests.xctest */;
			productType = "com.apple.product-type.bundle.unit-test";
		};
		2112D327205F70A200288FD9 /* TravelBooksUITests */ = {
			isa = PBXNativeTarget;
			buildConfigurationList = 2112D337205F70A200288FD9 /* Build configuration list for PBXNativeTarget "TravelBooksUITests" */;
			buildPhases = (
				20BD1AC874EB1A9C6FDE7B66 /* [CP] Check Pods Manifest.lock */,
				2112D324205F70A200288FD9 /* Sources */,
				2112D325205F70A200288FD9 /* Frameworks */,
				2112D326205F70A200288FD9 /* Resources */,
				E2DAB278F70B57F02752CB17 /* [CP] Embed Pods Frameworks */,
			);
			buildRules = (
			);
			dependencies = (
				2112D32A205F70A200288FD9 /* PBXTargetDependency */,
			);
			name = TravelBooksUITests;
			productName = "__PROJECT NAME__UITests";
			productReference = 2112D328205F70A200288FD9 /* TravelBooksUITests.xctest */;
			productType = "com.apple.product-type.bundle.ui-testing";
		};
/* End PBXNativeTarget section */

/* Begin PBXProject section */
		2112D301205F70A200288FD9 /* Project object */ = {
			isa = PBXProject;
			attributes = {
				LastSwiftUpdateCheck = 0920;
				LastUpgradeCheck = 0940;
				ORGANIZATIONNAME = "__ORGANIZATION NAME__";
				TargetAttributes = {
					2112D308205F70A200288FD9 = {
						CreatedOnToolsVersion = 9.2;
						ProvisioningStyle = Manual;
					};
					2112D31C205F70A200288FD9 = {
						CreatedOnToolsVersion = 9.2;
						ProvisioningStyle = Manual;
						TestTargetID = 2112D308205F70A200288FD9;
					};
					2112D327205F70A200288FD9 = {
						CreatedOnToolsVersion = 9.2;
						ProvisioningStyle = Manual;
						TestTargetID = 2112D308205F70A200288FD9;
					};
				};
			};
			buildConfigurationList = 2112D304205F70A200288FD9 /* Build configuration list for PBXProject "TravelBooks" */;
			compatibilityVersion = "Xcode 8.0";
			developmentRegion = en;
			hasScannedForEncodings = 0;
			knownRegions = (
				en,
				Base,
			);
			mainGroup = 2112D300205F70A200288FD9;
			productRefGroup = 2112D30A205F70A200288FD9 /* Products */;
			projectDirPath = "";
			projectRoot = "";
			targets = (
				2112D308205F70A200288FD9 /* TravelBooks */,
				2112D31C205F70A200288FD9 /* TravelBooksTests */,
				2112D327205F70A200288FD9 /* TravelBooksUITests */,
			);
		};
/* End PBXProject section */

/* Begin PBXResourcesBuildPhase section */
		2112D307205F70A200288FD9 /* Resources */ = {
			isa = PBXResourcesBuildPhase;
			buildActionMask = 2147483647;
			files = (
				F127057F2204059B002C27D7 /* Montserrat-Regular.ttf in Resources */,
				F127057D2204059B002C27D7 /* Montserrat-Hairline.otf in Resources */,
				F127057C2204059B002C27D7 /* Montserrat-ExtraBold.otf in Resources */,
				F12705802204059B002C27D7 /* Montserrat-SemiBold.otf in Resources */,
				F12705812204059B002C27D7 /* Montserrat-UltraLight.otf in Resources */,
				F127057B2204059B002C27D7 /* Montserrat-Bold.ttf in Resources */,
				2112D317205F70A200288FD9 /* LaunchScreen.storyboard in Resources */,
				F127057A2204059B002C27D7 /* Montserrat-Black.otf in Resources */,
				F1270586220419F1002C27D7 /* TravelBook.storyboard in Resources */,
				F127057E2204059B002C27D7 /* Montserrat-Light.otf in Resources */,
				2112D314205F70A200288FD9 /* Assets.xcassets in Resources */,
			);
			runOnlyForDeploymentPostprocessing = 0;
		};
		2112D31B205F70A200288FD9 /* Resources */ = {
			isa = PBXResourcesBuildPhase;
			buildActionMask = 2147483647;
			files = (
			);
			runOnlyForDeploymentPostprocessing = 0;
		};
		2112D326205F70A200288FD9 /* Resources */ = {
			isa = PBXResourcesBuildPhase;
			buildActionMask = 2147483647;
			files = (
			);
			runOnlyForDeploymentPostprocessing = 0;
		};
/* End PBXResourcesBuildPhase section */

/* Begin PBXShellScriptBuildPhase section */
		20BD1AC874EB1A9C6FDE7B66 /* [CP] Check Pods Manifest.lock */ = {
			isa = PBXShellScriptBuildPhase;
			buildActionMask = 2147483647;
			files = (
			);
			inputFileListPaths = (
			);
			inputPaths = (
				"${PODS_PODFILE_DIR_PATH}/Podfile.lock",
				"${PODS_ROOT}/Manifest.lock",
			);
			name = "[CP] Check Pods Manifest.lock";
			outputFileListPaths = (
			);
			outputPaths = (
				"$(DERIVED_FILE_DIR)/Pods-TravelBooksUITests-checkManifestLockResult.txt",
			);
			runOnlyForDeploymentPostprocessing = 0;
			shellPath = /bin/sh;
			shellScript = "diff \"${PODS_PODFILE_DIR_PATH}/Podfile.lock\" \"${PODS_ROOT}/Manifest.lock\" > /dev/null\nif [ $? != 0 ] ; then\n    # print error to STDERR\n    echo \"error: The sandbox is not in sync with the Podfile.lock. Run 'pod install' or update your CocoaPods installation.\" >&2\n    exit 1\nfi\n# This output is used by Xcode 'outputs' to avoid re-running this script phase.\necho \"SUCCESS\" > \"${SCRIPT_OUTPUT_FILE_0}\"\n";
			showEnvVarsInLog = 0;
		};
		215BF30B206CAFBA00ADDB06 /* SwiftLint */ = {
			isa = PBXShellScriptBuildPhase;
			buildActionMask = 12;
			files = (
			);
			inputPaths = (
			);
			name = SwiftLint;
			outputPaths = (
			);
			runOnlyForDeploymentPostprocessing = 0;
			shellPath = /bin/sh;
			shellScript = "\"${PODS_ROOT}/SwiftLint/swiftlint\"";
		};
		60AA38E1D1AEE674566664CC /* [CP] Check Pods Manifest.lock */ = {
			isa = PBXShellScriptBuildPhase;
			buildActionMask = 2147483647;
			files = (
			);
			inputFileListPaths = (
			);
			inputPaths = (
				"${PODS_PODFILE_DIR_PATH}/Podfile.lock",
				"${PODS_ROOT}/Manifest.lock",
			);
			name = "[CP] Check Pods Manifest.lock";
			outputFileListPaths = (
			);
			outputPaths = (
				"$(DERIVED_FILE_DIR)/Pods-TravelBooksTests-checkManifestLockResult.txt",
			);
			runOnlyForDeploymentPostprocessing = 0;
			shellPath = /bin/sh;
			shellScript = "diff \"${PODS_PODFILE_DIR_PATH}/Podfile.lock\" \"${PODS_ROOT}/Manifest.lock\" > /dev/null\nif [ $? != 0 ] ; then\n    # print error to STDERR\n    echo \"error: The sandbox is not in sync with the Podfile.lock. Run 'pod install' or update your CocoaPods installation.\" >&2\n    exit 1\nfi\n# This output is used by Xcode 'outputs' to avoid re-running this script phase.\necho \"SUCCESS\" > \"${SCRIPT_OUTPUT_FILE_0}\"\n";
			showEnvVarsInLog = 0;
		};
		7931AD6088957774EE30D8DB /* [CP] Check Pods Manifest.lock */ = {
			isa = PBXShellScriptBuildPhase;
			buildActionMask = 2147483647;
			files = (
			);
			inputFileListPaths = (
			);
			inputPaths = (
				"${PODS_PODFILE_DIR_PATH}/Podfile.lock",
				"${PODS_ROOT}/Manifest.lock",
			);
			name = "[CP] Check Pods Manifest.lock";
			outputFileListPaths = (
			);
			outputPaths = (
				"$(DERIVED_FILE_DIR)/Pods-TravelBooks-checkManifestLockResult.txt",
			);
			runOnlyForDeploymentPostprocessing = 0;
			shellPath = /bin/sh;
			shellScript = "diff \"${PODS_PODFILE_DIR_PATH}/Podfile.lock\" \"${PODS_ROOT}/Manifest.lock\" > /dev/null\nif [ $? != 0 ] ; then\n    # print error to STDERR\n    echo \"error: The sandbox is not in sync with the Podfile.lock. Run 'pod install' or update your CocoaPods installation.\" >&2\n    exit 1\nfi\n# This output is used by Xcode 'outputs' to avoid re-running this script phase.\necho \"SUCCESS\" > \"${SCRIPT_OUTPUT_FILE_0}\"\n";
			showEnvVarsInLog = 0;
		};
		C7F8AE0553642443BE7FD6BF /* [CP] Embed Pods Frameworks */ = {
			isa = PBXShellScriptBuildPhase;
			buildActionMask = 2147483647;
			files = (
			);
			inputFileListPaths = (
			);
			inputPaths = (
				"${SRCROOT}/Pods/Target Support Files/Pods-TravelBooksTests/Pods-TravelBooksTests-frameworks.sh",
				"${BUILT_PRODUCTS_DIR}/Nimble/Nimble.framework",
				"${BUILT_PRODUCTS_DIR}/Quick/Quick.framework",
			);
			name = "[CP] Embed Pods Frameworks";
			outputFileListPaths = (
			);
			outputPaths = (
				"${TARGET_BUILD_DIR}/${FRAMEWORKS_FOLDER_PATH}/Nimble.framework",
				"${TARGET_BUILD_DIR}/${FRAMEWORKS_FOLDER_PATH}/Quick.framework",
			);
			runOnlyForDeploymentPostprocessing = 0;
			shellPath = /bin/sh;
			shellScript = "\"${SRCROOT}/Pods/Target Support Files/Pods-TravelBooksTests/Pods-TravelBooksTests-frameworks.sh\"\n";
			showEnvVarsInLog = 0;
		};
		DAD1EAE0605F233343A32C39 /* [CP] Embed Pods Frameworks */ = {
			isa = PBXShellScriptBuildPhase;
			buildActionMask = 2147483647;
			files = (
			);
			inputFileListPaths = (
			);
			inputPaths = (
				"${SRCROOT}/Pods/Target Support Files/Pods-TravelBooks/Pods-TravelBooks-frameworks.sh",
				"${BUILT_PRODUCTS_DIR}/Alamofire/Alamofire.framework",
			);
			name = "[CP] Embed Pods Frameworks";
			outputFileListPaths = (
			);
			outputPaths = (
				"${TARGET_BUILD_DIR}/${FRAMEWORKS_FOLDER_PATH}/Alamofire.framework",
			);
			runOnlyForDeploymentPostprocessing = 0;
			shellPath = /bin/sh;
			shellScript = "\"${SRCROOT}/Pods/Target Support Files/Pods-TravelBooks/Pods-TravelBooks-frameworks.sh\"\n";
			showEnvVarsInLog = 0;
		};
		E2DAB278F70B57F02752CB17 /* [CP] Embed Pods Frameworks */ = {
			isa = PBXShellScriptBuildPhase;
			buildActionMask = 2147483647;
			files = (
			);
			inputFileListPaths = (
			);
			inputPaths = (
				"${SRCROOT}/Pods/Target Support Files/Pods-TravelBooksUITests/Pods-TravelBooksUITests-frameworks.sh",
				"${BUILT_PRODUCTS_DIR}/Nimble/Nimble.framework",
				"${BUILT_PRODUCTS_DIR}/Quick/Quick.framework",
			);
			name = "[CP] Embed Pods Frameworks";
			outputFileListPaths = (
			);
			outputPaths = (
				"${TARGET_BUILD_DIR}/${FRAMEWORKS_FOLDER_PATH}/Nimble.framework",
				"${TARGET_BUILD_DIR}/${FRAMEWORKS_FOLDER_PATH}/Quick.framework",
			);
			runOnlyForDeploymentPostprocessing = 0;
			shellPath = /bin/sh;
			shellScript = "\"${SRCROOT}/Pods/Target Support Files/Pods-TravelBooksUITests/Pods-TravelBooksUITests-frameworks.sh\"\n";
			showEnvVarsInLog = 0;
		};
/* End PBXShellScriptBuildPhase section */

/* Begin PBXSourcesBuildPhase section */
		2112D305205F70A200288FD9 /* Sources */ = {
			isa = PBXSourcesBuildPhase;
			buildActionMask = 2147483647;
			files = (
				F127058D22042DB2002C27D7 /* UIColor+Extension.swift in Sources */,
				F127058B22041D1F002C27D7 /* UIFont+Extension.swift in Sources */,
				21281249206B5C18003BB865 /* TravelBookListViewController.swift in Sources */,
				F127058922041A30002C27D7 /* ViewUtility.swift in Sources */,
				2112D30D205F70A200288FD9 /* AppDelegate.swift in Sources */,
				F127057022032C60002C27D7 /* BaseViewController.swift in Sources */,
				F12705832204184C002C27D7 /* Constant.swift in Sources */,
			);
			runOnlyForDeploymentPostprocessing = 0;
		};
		2112D319205F70A200288FD9 /* Sources */ = {
			isa = PBXSourcesBuildPhase;
			buildActionMask = 2147483647;
			files = (
			);
			runOnlyForDeploymentPostprocessing = 0;
		};
		2112D324205F70A200288FD9 /* Sources */ = {
			isa = PBXSourcesBuildPhase;
			buildActionMask = 2147483647;
			files = (
			);
			runOnlyForDeploymentPostprocessing = 0;
		};
/* End PBXSourcesBuildPhase section */

/* Begin PBXTargetDependency section */
		2112D31F205F70A200288FD9 /* PBXTargetDependency */ = {
			isa = PBXTargetDependency;
			target = 2112D308205F70A200288FD9 /* TravelBooks */;
			targetProxy = 2112D31E205F70A200288FD9 /* PBXContainerItemProxy */;
		};
		2112D32A205F70A200288FD9 /* PBXTargetDependency */ = {
			isa = PBXTargetDependency;
			target = 2112D308205F70A200288FD9 /* TravelBooks */;
			targetProxy = 2112D329205F70A200288FD9 /* PBXContainerItemProxy */;
		};
/* End PBXTargetDependency section */

/* Begin PBXVariantGroup section */
		2112D315205F70A200288FD9 /* LaunchScreen.storyboard */ = {
			isa = PBXVariantGroup;
			children = (
				2112D316205F70A200288FD9 /* Base */,
			);
			name = LaunchScreen.storyboard;
			sourceTree = "<group>";
		};
/* End PBXVariantGroup section */

/* Begin XCBuildConfiguration section */
		2112D32F205F70A200288FD9 /* Debug */ = {
			isa = XCBuildConfiguration;
			buildSettings = {
				ALWAYS_EMBED_SWIFT_STANDARD_LIBRARIES = "$(inherited)";
				ALWAYS_SEARCH_USER_PATHS = NO;
				CLANG_ANALYZER_NONNULL = YES;
				CLANG_ANALYZER_NUMBER_OBJECT_CONVERSION = YES_AGGRESSIVE;
				CLANG_CXX_LANGUAGE_STANDARD = "gnu++14";
				CLANG_CXX_LIBRARY = "libc++";
				CLANG_ENABLE_MODULES = YES;
				CLANG_ENABLE_OBJC_ARC = YES;
				CLANG_WARN_BLOCK_CAPTURE_AUTORELEASING = YES;
				CLANG_WARN_BOOL_CONVERSION = YES;
				CLANG_WARN_COMMA = YES;
				CLANG_WARN_CONSTANT_CONVERSION = YES;
				CLANG_WARN_DEPRECATED_OBJC_IMPLEMENTATIONS = YES;
				CLANG_WARN_DIRECT_OBJC_ISA_USAGE = YES_ERROR;
				CLANG_WARN_DOCUMENTATION_COMMENTS = YES;
				CLANG_WARN_EMPTY_BODY = YES;
				CLANG_WARN_ENUM_CONVERSION = YES;
				CLANG_WARN_INFINITE_RECURSION = YES;
				CLANG_WARN_INT_CONVERSION = YES;
				CLANG_WARN_NON_LITERAL_NULL_CONVERSION = YES;
				CLANG_WARN_OBJC_IMPLICIT_RETAIN_SELF = YES;
				CLANG_WARN_OBJC_LITERAL_CONVERSION = YES;
				CLANG_WARN_OBJC_ROOT_CLASS = YES_ERROR;
				CLANG_WARN_RANGE_LOOP_ANALYSIS = YES;
				CLANG_WARN_STRICT_PROTOTYPES = YES;
				CLANG_WARN_SUSPICIOUS_MOVE = YES;
				CLANG_WARN_UNGUARDED_AVAILABILITY = YES_AGGRESSIVE;
				CLANG_WARN_UNREACHABLE_CODE = YES;
				CLANG_WARN__DUPLICATE_METHOD_MATCH = YES;
				CODE_SIGN_IDENTITY = "iPhone Developer";
				COPY_PHASE_STRIP = NO;
				DEBUG_INFORMATION_FORMAT = dwarf;
				ENABLE_STRICT_OBJC_MSGSEND = YES;
				ENABLE_TESTABILITY = YES;
				GCC_C_LANGUAGE_STANDARD = gnu11;
				GCC_DYNAMIC_NO_PIC = NO;
				GCC_NO_COMMON_BLOCKS = YES;
				GCC_OPTIMIZATION_LEVEL = 0;
				GCC_PREPROCESSOR_DEFINITIONS = (
					"DEBUG=1",
					"$(inherited)",
				);
				GCC_WARN_64_TO_32_BIT_CONVERSION = YES;
				GCC_WARN_ABOUT_RETURN_TYPE = YES_ERROR;
				GCC_WARN_UNDECLARED_SELECTOR = YES;
				GCC_WARN_UNINITIALIZED_AUTOS = YES_AGGRESSIVE;
				GCC_WARN_UNUSED_FUNCTION = YES;
				GCC_WARN_UNUSED_VARIABLE = YES;
				IPHONEOS_DEPLOYMENT_TARGET = 10.0;
				MTL_ENABLE_DEBUG_INFO = YES;
				ONLY_ACTIVE_ARCH = YES;
				SDKROOT = iphoneos;
				SWIFT_ACTIVE_COMPILATION_CONDITIONS = DEBUG;
				SWIFT_OPTIMIZATION_LEVEL = "-Onone";
			};
			name = Debug;
		};
		2112D330205F70A200288FD9 /* Release */ = {
			isa = XCBuildConfiguration;
			buildSettings = {
				ALWAYS_EMBED_SWIFT_STANDARD_LIBRARIES = "$(inherited)";
				ALWAYS_SEARCH_USER_PATHS = NO;
				CLANG_ANALYZER_NONNULL = YES;
				CLANG_ANALYZER_NUMBER_OBJECT_CONVERSION = YES_AGGRESSIVE;
				CLANG_CXX_LANGUAGE_STANDARD = "gnu++14";
				CLANG_CXX_LIBRARY = "libc++";
				CLANG_ENABLE_MODULES = YES;
				CLANG_ENABLE_OBJC_ARC = YES;
				CLANG_WARN_BLOCK_CAPTURE_AUTORELEASING = YES;
				CLANG_WARN_BOOL_CONVERSION = YES;
				CLANG_WARN_COMMA = YES;
				CLANG_WARN_CONSTANT_CONVERSION = YES;
				CLANG_WARN_DEPRECATED_OBJC_IMPLEMENTATIONS = YES;
				CLANG_WARN_DIRECT_OBJC_ISA_USAGE = YES_ERROR;
				CLANG_WARN_DOCUMENTATION_COMMENTS = YES;
				CLANG_WARN_EMPTY_BODY = YES;
				CLANG_WARN_ENUM_CONVERSION = YES;
				CLANG_WARN_INFINITE_RECURSION = YES;
				CLANG_WARN_INT_CONVERSION = YES;
				CLANG_WARN_NON_LITERAL_NULL_CONVERSION = YES;
				CLANG_WARN_OBJC_IMPLICIT_RETAIN_SELF = YES;
				CLANG_WARN_OBJC_LITERAL_CONVERSION = YES;
				CLANG_WARN_OBJC_ROOT_CLASS = YES_ERROR;
				CLANG_WARN_RANGE_LOOP_ANALYSIS = YES;
				CLANG_WARN_STRICT_PROTOTYPES = YES;
				CLANG_WARN_SUSPICIOUS_MOVE = YES;
				CLANG_WARN_UNGUARDED_AVAILABILITY = YES_AGGRESSIVE;
				CLANG_WARN_UNREACHABLE_CODE = YES;
				CLANG_WARN__DUPLICATE_METHOD_MATCH = YES;
				CODE_SIGN_IDENTITY = "iPhone Developer";
				COPY_PHASE_STRIP = NO;
				DEBUG_INFORMATION_FORMAT = "dwarf-with-dsym";
				ENABLE_NS_ASSERTIONS = NO;
				ENABLE_STRICT_OBJC_MSGSEND = YES;
				GCC_C_LANGUAGE_STANDARD = gnu11;
				GCC_NO_COMMON_BLOCKS = YES;
				GCC_WARN_64_TO_32_BIT_CONVERSION = YES;
				GCC_WARN_ABOUT_RETURN_TYPE = YES_ERROR;
				GCC_WARN_UNDECLARED_SELECTOR = YES;
				GCC_WARN_UNINITIALIZED_AUTOS = YES_AGGRESSIVE;
				GCC_WARN_UNUSED_FUNCTION = YES;
				GCC_WARN_UNUSED_VARIABLE = YES;
				IPHONEOS_DEPLOYMENT_TARGET = 10.0;
				MTL_ENABLE_DEBUG_INFO = NO;
				SDKROOT = iphoneos;
				SWIFT_OPTIMIZATION_LEVEL = "-Owholemodule";
				VALIDATE_PRODUCT = YES;
			};
			name = Release;
		};
		2112D332205F70A200288FD9 /* Debug */ = {
			isa = XCBuildConfiguration;
			baseConfigurationReference = 805440F8A5FA5E018520B2D7 /* Pods-TravelBooks.debug.xcconfig */;
			buildSettings = {
				ALWAYS_EMBED_SWIFT_STANDARD_LIBRARIES = "$(inherited)";
				ASSETCATALOG_COMPILER_APPICON_NAME = AppIcon;
				CODE_SIGN_STYLE = Manual;
				CURRENT_PROJECT_VERSION = 1;
				DEBUG_INFORMATION_FORMAT = "dwarf-with-dsym";
				DEVELOPMENT_TEAM = "";
				INFOPLIST_FILE = "$(SRCROOT)/TravelBooks/Application/Infos/Info.plist";
				IPHONEOS_DEPLOYMENT_TARGET = 10.0;
				LD_RUNPATH_SEARCH_PATHS = "$(inherited) @executable_path/Frameworks";
				PRODUCT_BUNDLE_IDENTIFIER = com.Travel.TravelBooks.debug;
				PRODUCT_NAME = "$(TARGET_NAME) $(CONFIGURATION)";
				PROVISIONING_PROFILE_SPECIFIER = "";
				SWIFT_VERSION = 4.0;
				TARGETED_DEVICE_FAMILY = "1,2";
				VERSIONING_SYSTEM = "apple-generic";
			};
			name = Debug;
		};
		2112D333205F70A200288FD9 /* Release */ = {
			isa = XCBuildConfiguration;
			baseConfigurationReference = 8F7A8F53B414A4303898AC86 /* Pods-TravelBooks.release.xcconfig */;
			buildSettings = {
				ALWAYS_EMBED_SWIFT_STANDARD_LIBRARIES = "$(inherited)";
				ASSETCATALOG_COMPILER_APPICON_NAME = AppIcon;
				CODE_SIGN_STYLE = Manual;
				CURRENT_PROJECT_VERSION = 1;
				DEVELOPMENT_TEAM = "";
				INFOPLIST_FILE = "$(SRCROOT)/TravelBooks/Application/Infos/Info.plist";
				IPHONEOS_DEPLOYMENT_TARGET = 10.0;
				LD_RUNPATH_SEARCH_PATHS = "$(inherited) @executable_path/Frameworks";
				PRODUCT_BUNDLE_IDENTIFIER = com.Travel.TravelBooks.debug;
				PRODUCT_NAME = "$(TARGET_NAME)";
				PROVISIONING_PROFILE_SPECIFIER = "";
				SWIFT_ACTIVE_COMPILATION_CONDITIONS = RELEASE;
				SWIFT_VERSION = 4.0;
				TARGETED_DEVICE_FAMILY = "1,2";
				VERSIONING_SYSTEM = "apple-generic";
			};
			name = Release;
		};
		2112D335205F70A200288FD9 /* Debug */ = {
			isa = XCBuildConfiguration;
			baseConfigurationReference = 7608871134764C0E4D73A1F3 /* Pods-TravelBooksTests.debug.xcconfig */;
			buildSettings = {
				ALWAYS_EMBED_SWIFT_STANDARD_LIBRARIES = YES;
				BUNDLE_LOADER = "$(TEST_HOST)";
				CODE_SIGN_STYLE = Manual;
				DEVELOPMENT_TEAM = "";
				INFOPLIST_FILE = "__PROJECT NAME__Tests/Info.plist";
				LD_RUNPATH_SEARCH_PATHS = "$(inherited) @executable_path/Frameworks @loader_path/Frameworks";
				PRODUCT_BUNDLE_IDENTIFIER = "--BUNDLE-IDENTIFIER--Tests";
				PRODUCT_NAME = "$(TARGET_NAME)";
				PROVISIONING_PROFILE_SPECIFIER = "";
				SWIFT_VERSION = 4.0;
				TARGETED_DEVICE_FAMILY = "1,2";
				TEST_HOST = "$(BUILT_PRODUCTS_DIR)/__PROJECT NAME__.app/__PROJECT NAME__";
			};
			name = Debug;
		};
		2112D336205F70A200288FD9 /* Release */ = {
			isa = XCBuildConfiguration;
			baseConfigurationReference = 13EF25F56A540BE99A88D95F /* Pods-TravelBooksTests.release.xcconfig */;
			buildSettings = {
				ALWAYS_EMBED_SWIFT_STANDARD_LIBRARIES = YES;
				BUNDLE_LOADER = "$(TEST_HOST)";
				CODE_SIGN_STYLE = Manual;
				DEVELOPMENT_TEAM = "";
				INFOPLIST_FILE = "__PROJECT NAME__Tests/Info.plist";
				LD_RUNPATH_SEARCH_PATHS = "$(inherited) @executable_path/Frameworks @loader_path/Frameworks";
				PRODUCT_BUNDLE_IDENTIFIER = "--BUNDLE-IDENTIFIER--Tests";
				PRODUCT_NAME = "$(TARGET_NAME)";
				PROVISIONING_PROFILE_SPECIFIER = "";
				SWIFT_VERSION = 4.0;
				TARGETED_DEVICE_FAMILY = "1,2";
				TEST_HOST = "$(BUILT_PRODUCTS_DIR)/__PROJECT NAME__.app/__PROJECT NAME__";
			};
			name = Release;
		};
		2112D338205F70A200288FD9 /* Debug */ = {
			isa = XCBuildConfiguration;
			baseConfigurationReference = E881D71339B9D8191BFCBA25 /* Pods-TravelBooksUITests.debug.xcconfig */;
			buildSettings = {
				ALWAYS_EMBED_SWIFT_STANDARD_LIBRARIES = "$(inherited)";
				CODE_SIGN_STYLE = Manual;
				DEVELOPMENT_TEAM = "";
				INFOPLIST_FILE = "__PROJECT NAME__UITests/Info.plist";
				LD_RUNPATH_SEARCH_PATHS = "$(inherited) @executable_path/Frameworks @loader_path/Frameworks";
				PRODUCT_BUNDLE_IDENTIFIER = "--BUNDLE-IDENTIFIER--UITests";
				PRODUCT_NAME = "$(TARGET_NAME)";
				PROVISIONING_PROFILE_SPECIFIER = "";
				SWIFT_VERSION = 4.0;
				TARGETED_DEVICE_FAMILY = "1,2";
				TEST_TARGET_NAME = "__PROJECT NAME__";
			};
			name = Debug;
		};
		2112D339205F70A200288FD9 /* Release */ = {
			isa = XCBuildConfiguration;
			baseConfigurationReference = 2FE231BA4382B1089D72BE02 /* Pods-TravelBooksUITests.release.xcconfig */;
			buildSettings = {
				ALWAYS_EMBED_SWIFT_STANDARD_LIBRARIES = "$(inherited)";
				CODE_SIGN_STYLE = Manual;
				DEVELOPMENT_TEAM = "";
				INFOPLIST_FILE = "__PROJECT NAME__UITests/Info.plist";
				LD_RUNPATH_SEARCH_PATHS = "$(inherited) @executable_path/Frameworks @loader_path/Frameworks";
				PRODUCT_BUNDLE_IDENTIFIER = "--BUNDLE-IDENTIFIER--UITests";
				PRODUCT_NAME = "$(TARGET_NAME)";
				PROVISIONING_PROFILE_SPECIFIER = "";
				SWIFT_VERSION = 4.0;
				TARGETED_DEVICE_FAMILY = "1,2";
				TEST_TARGET_NAME = "__PROJECT NAME__";
			};
			name = Release;
		};
		2112D33A205F715F00288FD9 /* Staging */ = {
			isa = XCBuildConfiguration;
			buildSettings = {
				ALWAYS_EMBED_SWIFT_STANDARD_LIBRARIES = "$(inherited)";
				ALWAYS_SEARCH_USER_PATHS = NO;
				CLANG_ANALYZER_NONNULL = YES;
				CLANG_ANALYZER_NUMBER_OBJECT_CONVERSION = YES_AGGRESSIVE;
				CLANG_CXX_LANGUAGE_STANDARD = "gnu++14";
				CLANG_CXX_LIBRARY = "libc++";
				CLANG_ENABLE_MODULES = YES;
				CLANG_ENABLE_OBJC_ARC = YES;
				CLANG_WARN_BLOCK_CAPTURE_AUTORELEASING = YES;
				CLANG_WARN_BOOL_CONVERSION = YES;
				CLANG_WARN_COMMA = YES;
				CLANG_WARN_CONSTANT_CONVERSION = YES;
				CLANG_WARN_DEPRECATED_OBJC_IMPLEMENTATIONS = YES;
				CLANG_WARN_DIRECT_OBJC_ISA_USAGE = YES_ERROR;
				CLANG_WARN_DOCUMENTATION_COMMENTS = YES;
				CLANG_WARN_EMPTY_BODY = YES;
				CLANG_WARN_ENUM_CONVERSION = YES;
				CLANG_WARN_INFINITE_RECURSION = YES;
				CLANG_WARN_INT_CONVERSION = YES;
				CLANG_WARN_NON_LITERAL_NULL_CONVERSION = YES;
				CLANG_WARN_OBJC_IMPLICIT_RETAIN_SELF = YES;
				CLANG_WARN_OBJC_LITERAL_CONVERSION = YES;
				CLANG_WARN_OBJC_ROOT_CLASS = YES_ERROR;
				CLANG_WARN_RANGE_LOOP_ANALYSIS = YES;
				CLANG_WARN_STRICT_PROTOTYPES = YES;
				CLANG_WARN_SUSPICIOUS_MOVE = YES;
				CLANG_WARN_UNGUARDED_AVAILABILITY = YES_AGGRESSIVE;
				CLANG_WARN_UNREACHABLE_CODE = YES;
				CLANG_WARN__DUPLICATE_METHOD_MATCH = YES;
				CODE_SIGN_IDENTITY = "iPhone Developer";
				COPY_PHASE_STRIP = NO;
				DEBUG_INFORMATION_FORMAT = "dwarf-with-dsym";
				ENABLE_NS_ASSERTIONS = NO;
				ENABLE_STRICT_OBJC_MSGSEND = YES;
				GCC_C_LANGUAGE_STANDARD = gnu11;
				GCC_NO_COMMON_BLOCKS = YES;
				GCC_WARN_64_TO_32_BIT_CONVERSION = YES;
				GCC_WARN_ABOUT_RETURN_TYPE = YES_ERROR;
				GCC_WARN_UNDECLARED_SELECTOR = YES;
				GCC_WARN_UNINITIALIZED_AUTOS = YES_AGGRESSIVE;
				GCC_WARN_UNUSED_FUNCTION = YES;
				GCC_WARN_UNUSED_VARIABLE = YES;
				IPHONEOS_DEPLOYMENT_TARGET = 10.0;
				MTL_ENABLE_DEBUG_INFO = NO;
				SDKROOT = iphoneos;
				SWIFT_OPTIMIZATION_LEVEL = "-Owholemodule";
				VALIDATE_PRODUCT = YES;
			};
			name = Staging;
		};
		2112D33B205F715F00288FD9 /* Staging */ = {
			isa = XCBuildConfiguration;
			baseConfigurationReference = A80811CFA9BCCACBBDF73E92 /* Pods-TravelBooks.staging.xcconfig */;
			buildSettings = {
				ALWAYS_EMBED_SWIFT_STANDARD_LIBRARIES = "$(inherited)";
				ASSETCATALOG_COMPILER_APPICON_NAME = AppIcon;
				CODE_SIGN_STYLE = Manual;
				CURRENT_PROJECT_VERSION = 1;
				DEVELOPMENT_TEAM = "";
				INFOPLIST_FILE = "$(SRCROOT)/TravelBooks/Application/Infos/Info.plist";
				IPHONEOS_DEPLOYMENT_TARGET = 10.0;
				LD_RUNPATH_SEARCH_PATHS = "$(inherited) @executable_path/Frameworks";
				PRODUCT_BUNDLE_IDENTIFIER = com.Travel.TravelBooks.debug;
				PRODUCT_NAME = "$(TARGET_NAME) $(CONFIGURATION)";
				PROVISIONING_PROFILE_SPECIFIER = "";
				SWIFT_ACTIVE_COMPILATION_CONDITIONS = STAGING;
				SWIFT_VERSION = 4.0;
				TARGETED_DEVICE_FAMILY = "1,2";
				VALIDATE_PRODUCT = NO;
				VERSIONING_SYSTEM = "apple-generic";
			};
			name = Staging;
		};
		2112D33C205F715F00288FD9 /* Staging */ = {
			isa = XCBuildConfiguration;
			baseConfigurationReference = D185E215765F51F1A2DF7DFB /* Pods-TravelBooksTests.staging.xcconfig */;
			buildSettings = {
				ALWAYS_EMBED_SWIFT_STANDARD_LIBRARIES = YES;
				BUNDLE_LOADER = "$(TEST_HOST)";
				CODE_SIGN_STYLE = Manual;
				DEVELOPMENT_TEAM = "";
				INFOPLIST_FILE = "__PROJECT NAME__Tests/Info.plist";
				LD_RUNPATH_SEARCH_PATHS = "$(inherited) @executable_path/Frameworks @loader_path/Frameworks";
				PRODUCT_BUNDLE_IDENTIFIER = "--BUNDLE-IDENTIFIER--Tests";
				PRODUCT_NAME = "$(TARGET_NAME)";
				PROVISIONING_PROFILE_SPECIFIER = "";
				SWIFT_VERSION = 4.0;
				TARGETED_DEVICE_FAMILY = "1,2";
				TEST_HOST = "$(BUILT_PRODUCTS_DIR)/__PROJECT NAME__.app/__PROJECT NAME__";
			};
			name = Staging;
		};
		2112D33D205F715F00288FD9 /* Staging */ = {
			isa = XCBuildConfiguration;
			baseConfigurationReference = 5F9F34ECB5BD947B7AF3571B /* Pods-TravelBooksUITests.staging.xcconfig */;
			buildSettings = {
				ALWAYS_EMBED_SWIFT_STANDARD_LIBRARIES = "$(inherited)";
				CODE_SIGN_STYLE = Manual;
				DEVELOPMENT_TEAM = "";
				INFOPLIST_FILE = "__PROJECT NAME__UITests/Info.plist";
				LD_RUNPATH_SEARCH_PATHS = "$(inherited) @executable_path/Frameworks @loader_path/Frameworks";
				PRODUCT_BUNDLE_IDENTIFIER = "--BUNDLE-IDENTIFIER--UITests";
				PRODUCT_NAME = "$(TARGET_NAME)";
				PROVISIONING_PROFILE_SPECIFIER = "";
				SWIFT_VERSION = 4.0;
				TARGETED_DEVICE_FAMILY = "1,2";
				TEST_TARGET_NAME = "__PROJECT NAME__";
			};
			name = Staging;
		};
/* End XCBuildConfiguration section */

/* Begin XCConfigurationList section */
		2112D304205F70A200288FD9 /* Build configuration list for PBXProject "TravelBooks" */ = {
			isa = XCConfigurationList;
			buildConfigurations = (
				2112D32F205F70A200288FD9 /* Debug */,
				2112D330205F70A200288FD9 /* Release */,
				2112D33A205F715F00288FD9 /* Staging */,
			);
			defaultConfigurationIsVisible = 0;
			defaultConfigurationName = Release;
		};
		2112D331205F70A200288FD9 /* Build configuration list for PBXNativeTarget "TravelBooks" */ = {
			isa = XCConfigurationList;
			buildConfigurations = (
				2112D332205F70A200288FD9 /* Debug */,
				2112D333205F70A200288FD9 /* Release */,
				2112D33B205F715F00288FD9 /* Staging */,
			);
			defaultConfigurationIsVisible = 0;
			defaultConfigurationName = Release;
		};
		2112D334205F70A200288FD9 /* Build configuration list for PBXNativeTarget "TravelBooksTests" */ = {
			isa = XCConfigurationList;
			buildConfigurations = (
				2112D335205F70A200288FD9 /* Debug */,
				2112D336205F70A200288FD9 /* Release */,
				2112D33C205F715F00288FD9 /* Staging */,
			);
			defaultConfigurationIsVisible = 0;
			defaultConfigurationName = Release;
		};
		2112D337205F70A200288FD9 /* Build configuration list for PBXNativeTarget "TravelBooksUITests" */ = {
			isa = XCConfigurationList;
			buildConfigurations = (
				2112D338205F70A200288FD9 /* Debug */,
				2112D339205F70A200288FD9 /* Release */,
				2112D33D205F715F00288FD9 /* Staging */,
			);
			defaultConfigurationIsVisible = 0;
			defaultConfigurationName = Release;
		};
/* End XCConfigurationList section */
	};
	rootObject = 2112D301205F70A200288FD9 /* Project object */;
}
